
Microsoft Visual Studio Solution File, Format Version 12.00
# Visual Studio Version 17
VisualStudioVersion = 17.8.34525.116
MinimumVisualStudioVersion = 10.0.40219.1
Project("{FAE04EC0-301F-11D3-BF4B-00C04F79EFBC}") = "PrinterApp", "PrinterApp\PrinterApp.csproj", "{919AFF14-6E26-4CBE-A887-B31973B41F09}"
EndProject
Project("{FAE04EC0-301F-11D3-BF4B-00C04F79EFBC}") = "DrivingApp", "DrivingApp\DrivingApp.csproj", "{EEA26F99-BEF2-401B-A59D-BC5CFB1AD69A}"
EndProject
Project("{FAE04EC0-301F-11D3-BF4B-00C04F79EFBC}") = "VehicleApp", "VehicleApp\VehicleApp.csproj", "{004DA171-6F34-41EE-83C4-5890EAAC0765}"
EndProject
Global
	GlobalSection(SolutionConfigurationPlatforms) = preSolution
		Debug|Any CPU = Debug|Any CPU
		Release|Any CPU = Release|Any CPU
	EndGlobalSection
	GlobalSection(ProjectConfigurationPlatforms) = postSolution
		{919AFF14-6E26-4CBE-A887-B31973B41F09}.Debug|Any CPU.ActiveCfg = Debug|Any CPU
		{919AFF14-6E26-4CBE-A887-B31973B41F09}.Debug|Any CPU.Build.0 = Debug|Any CPU
		{919AFF14-6E26-4CBE-A887-B31973B41F09}.Release|Any CPU.ActiveCfg = Release|Any CPU
		{919AFF14-6E26-4CBE-A887-B31973B41F09}.Release|Any CPU.Build.0 = Release|Any CPU
		{EEA26F99-BEF2-401B-A59D-BC5CFB1AD69A}.Debug|Any CPU.ActiveCfg = Debug|Any CPU
		{EEA26F99-BEF2-401B-A59D-BC5CFB1AD69A}.Debug|Any CPU.Build.0 = Debug|Any CPU
		{EEA26F99-BEF2-401B-A59D-BC5CFB1AD69A}.Release|Any CPU.ActiveCfg = Release|Any CPU
		{EEA26F99-BEF2-401B-A59D-BC5CFB1AD69A}.Release|Any CPU.Build.0 = Release|Any CPU
		{004DA171-6F34-41EE-83C4-5890EAAC0765}.Debug|Any CPU.ActiveCfg = Debug|Any CPU
		{004DA171-6F34-41EE-83C4-5890EAAC0765}.Debug|Any CPU.Build.0 = Debug|Any CPU
		{004DA171-6F34-41EE-83C4-5890EAAC0765}.Release|Any CPU.ActiveCfg = Release|Any CPU
		{004DA171-6F34-41EE-83C4-5890EAAC0765}.Release|Any CPU.Build.0 = Release|Any CPU
	EndGlobalSection
	GlobalSection(SolutionProperties) = preSolution
		HideSolutionNode = FALSE
	EndGlobalSection
	GlobalSection(ExtensibilityGlobals) = postSolution
		SolutionGuid = {FC647AAA-7A2C-437A-81FB-EA826F20BA25}
	EndGlobalSection
EndGlobal
